
Microsoft Visual Studio Solution File, Format Version 12.00
# Visual Studio Version 17
VisualStudioVersion = 17.3.32901.215
MinimumVisualStudioVersion = 10.0.40219.1
Project("{FAE04EC0-301F-11D3-BF4B-00C04F79EFBC}") = "Final_Modulo2_Arturo", "Final_Modulo2_Arturo\Final_Modulo2_Arturo.csproj", "{37FE5755-30D4-47A5-A35C-FD2DA1743A0C}"
EndProject
Global
	GlobalSection(SolutionConfigurationPlatforms) = preSolution
		Debug|Any CPU = Debug|Any CPU
		Release|Any CPU = Release|Any CPU
	EndGlobalSection
	GlobalSection(ProjectConfigurationPlatforms) = postSolution
		{37FE5755-30D4-47A5-A35C-FD2DA1743A0C}.Debug|Any CPU.ActiveCfg = Debug|Any CPU
		{37FE5755-30D4-47A5-A35C-FD2DA1743A0C}.Debug|Any CPU.Build.0 = Debug|Any CPU
		{37FE5755-30D4-47A5-A35C-FD2DA1743A0C}.Release|Any CPU.ActiveCfg = Release|Any CPU
		{37FE5755-30D4-47A5-A35C-FD2DA1743A0C}.Release|Any CPU.Build.0 = Release|Any CPU
	EndGlobalSection
	GlobalSection(SolutionProperties) = preSolution
		HideSolutionNode = FALSE
	EndGlobalSection
	GlobalSection(ExtensibilityGlobals) = postSolution
		SolutionGuid = {77A959AF-DEDD-4C2E-A50E-30F2A28D79CD}
	EndGlobalSection
EndGlobal
