
Microsoft Visual Studio Solution File, Format Version 12.00
# Visual Studio Version 17
VisualStudioVersion = 17.3.32901.215
MinimumVisualStudioVersion = 10.0.40219.1
Project("{9A19103F-16F7-4668-BE54-9A1E7A4F7556}") = "Final_Modulo2_Arturo", "Final_Modulo2_Arturo\Final_Modulo2_Arturo.csproj", "{37FE5755-30D4-47A5-A35C-FD2DA1743A0C}"
EndProject
Project("{9A19103F-16F7-4668-BE54-9A1E7A4F7556}") = "Capa_datos", "Capa_datos\Capa_datos.csproj", "{093B1854-050F-4DE9-B72E-C8C3903759B2}"
EndProject
Global
	GlobalSection(SolutionConfigurationPlatforms) = preSolution
		Debug|Any CPU = Debug|Any CPU
		Release|Any CPU = Release|Any CPU
	EndGlobalSection
	GlobalSection(ProjectConfigurationPlatforms) = postSolution
		{37FE5755-30D4-47A5-A35C-FD2DA1743A0C}.Debug|Any CPU.ActiveCfg = Debug|Any CPU
		{37FE5755-30D4-47A5-A35C-FD2DA1743A0C}.Debug|Any CPU.Build.0 = Debug|Any CPU
		{37FE5755-30D4-47A5-A35C-FD2DA1743A0C}.Release|Any CPU.ActiveCfg = Release|Any CPU
		{37FE5755-30D4-47A5-A35C-FD2DA1743A0C}.Release|Any CPU.Build.0 = Release|Any CPU
		{093B1854-050F-4DE9-B72E-C8C3903759B2}.Debug|Any CPU.ActiveCfg = Debug|Any CPU
		{093B1854-050F-4DE9-B72E-C8C3903759B2}.Debug|Any CPU.Build.0 = Debug|Any CPU
		{093B1854-050F-4DE9-B72E-C8C3903759B2}.Release|Any CPU.ActiveCfg = Release|Any CPU
		{093B1854-050F-4DE9-B72E-C8C3903759B2}.Release|Any CPU.Build.0 = Release|Any CPU
	EndGlobalSection
	GlobalSection(SolutionProperties) = preSolution
		HideSolutionNode = FALSE
	EndGlobalSection
	GlobalSection(ExtensibilityGlobals) = postSolution
		SolutionGuid = {77A959AF-DEDD-4C2E-A50E-30F2A28D79CD}
	EndGlobalSection
EndGlobal
